
Microsoft Visual Studio Solution File, Format Version 12.00
# Visual Studio Version 17
VisualStudioVersion = 17.8.34408.163
MinimumVisualStudioVersion = 10.0.40219.1
Project("{8BC9CEB8-8B4A-11D0-8D11-00A0C91BC942}") = "пр 1 . ++", "пр 1 . ++\пр 1 . ++.vcxproj", "{AACDB387-4050-46CF-9FFD-B0233F29F03A}"
EndProject
Global
	GlobalSection(SolutionConfigurationPlatforms) = preSolution
		Debug|x64 = Debug|x64
		Debug|x86 = Debug|x86
		Release|x64 = Release|x64
		Release|x86 = Release|x86
	EndGlobalSection
	GlobalSection(ProjectConfigurationPlatforms) = postSolution
		{AACDB387-4050-46CF-9FFD-B0233F29F03A}.Debug|x64.ActiveCfg = Debug|x64
		{AACDB387-4050-46CF-9FFD-B0233F29F03A}.Debug|x64.Build.0 = Debug|x64
		{AACDB387-4050-46CF-9FFD-B0233F29F03A}.Debug|x86.ActiveCfg = Debug|Win32
		{AACDB387-4050-46CF-9FFD-B0233F29F03A}.Debug|x86.Build.0 = Debug|Win32
		{AACDB387-4050-46CF-9FFD-B0233F29F03A}.Release|x64.ActiveCfg = Release|x64
		{AACDB387-4050-46CF-9FFD-B0233F29F03A}.Release|x64.Build.0 = Release|x64
		{AACDB387-4050-46CF-9FFD-B0233F29F03A}.Release|x86.ActiveCfg = Release|Win32
		{AACDB387-4050-46CF-9FFD-B0233F29F03A}.Release|x86.Build.0 = Release|Win32
	EndGlobalSection
	GlobalSection(SolutionProperties) = preSolution
		HideSolutionNode = FALSE
	EndGlobalSection
	GlobalSection(ExtensibilityGlobals) = postSolution
		SolutionGuid = {63513C1B-8390-4D18-B776-B1BB9C4B139B}
	EndGlobalSection
EndGlobal
